// !$*UTF8*$!
{
	archiveVersion = 1;
	classes = {
	};
	objectVersion = 46;
	objects = {

/* Begin PBXBuildFile section */
		3A288440196DBE15004D538B /* AppDelegate.swift in Sources */ = {isa = PBXBuildFile; fileRef = 3A28843F196DBE15004D538B /* AppDelegate.swift */; };
		3A288443196DBE15004D538B /* EarthquakesDemo.xcdatamodeld in Sources */ = {isa = PBXBuildFile; fileRef = 3A288441196DBE15004D538B /* EarthquakesDemo.xcdatamodeld */; };
		3A288445196DBE15004D538B /* MasterViewController.swift in Sources */ = {isa = PBXBuildFile; fileRef = 3A288444196DBE15004D538B /* MasterViewController.swift */; };
		3A288447196DBE15004D538B /* DetailViewController.swift in Sources */ = {isa = PBXBuildFile; fileRef = 3A288446196DBE15004D538B /* DetailViewController.swift */; };
		3A28844A196DBE15004D538B /* Main.storyboard in Resources */ = {isa = PBXBuildFile; fileRef = 3A288448196DBE15004D538B /* Main.storyboard */; };
		3A28844C196DBE15004D538B /* Images.xcassets in Resources */ = {isa = PBXBuildFile; fileRef = 3A28844B196DBE15004D538B /* Images.xcassets */; };
		3A288458196DBE15004D538B /* EarthquakesDemoTests.swift in Sources */ = {isa = PBXBuildFile; fileRef = 3A288457196DBE15004D538B /* EarthquakesDemoTests.swift */; };
		3A288464196DC5F4004D538B /* EarthquakeTableViewCell.swift in Sources */ = {isa = PBXBuildFile; fileRef = 3A288463196DC5F4004D538B /* EarthquakeTableViewCell.swift */; };
		3AE49A8B196F3A820068FA9B /* Earthquake.swift in Sources */ = {isa = PBXBuildFile; fileRef = 3AE49A8A196F3A820068FA9B /* Earthquake.swift */; };
		3AFBEA64196DF42C00C2DB87 /* EarthquakesDataFetcher.swift in Sources */ = {isa = PBXBuildFile; fileRef = 3AFBEA63196DF42C00C2DB87 /* EarthquakesDataFetcher.swift */; };
/* End PBXBuildFile section */

/* Begin PBXContainerItemProxy section */
		3A288452196DBE15004D538B /* PBXContainerItemProxy */ = {
			isa = PBXContainerItemProxy;
			containerPortal = 3A288432196DBE14004D538B /* Project object */;
			proxyType = 1;
			remoteGlobalIDString = 3A288439196DBE14004D538B;
			remoteInfo = EarthquakesDemo;
		};
/* End PBXContainerItemProxy section */

/* Begin PBXFileReference section */
		3A28843A196DBE15004D538B /* EarthquakesDemo.app */ = {isa = PBXFileReference; explicitFileType = wrapper.application; includeInIndex = 0; path = EarthquakesDemo.app; sourceTree = BUILT_PRODUCTS_DIR; };
		3A28843E196DBE15004D538B /* Info.plist */ = {isa = PBXFileReference; lastKnownFileType = text.plist.xml; path = Info.plist; sourceTree = "<group>"; };
		3A28843F196DBE15004D538B /* AppDelegate.swift */ = {isa = PBXFileReference; lastKnownFileType = sourcecode.swift; path = AppDelegate.swift; sourceTree = "<group>"; };
		3A288442196DBE15004D538B /* EarthquakesDemo.xcdatamodel */ = {isa = PBXFileReference; lastKnownFileType = wrapper.xcdatamodel; path = EarthquakesDemo.xcdatamodel; sourceTree = "<group>"; };
		3A288444196DBE15004D538B /* MasterViewController.swift */ = {isa = PBXFileReference; lastKnownFileType = sourcecode.swift; path = MasterViewController.swift; sourceTree = "<group>"; };
		3A288446196DBE15004D538B /* DetailViewController.swift */ = {isa = PBXFileReference; lastKnownFileType = sourcecode.swift; path = DetailViewController.swift; sourceTree = "<group>"; };
		3A288449196DBE15004D538B /* Base */ = {isa = PBXFileReference; lastKnownFileType = file.storyboard; name = Base; path = Base.lproj/Main.storyboard; sourceTree = "<group>"; };
		3A28844B196DBE15004D538B /* Images.xcassets */ = {isa = PBXFileReference; lastKnownFileType = folder.assetcatalog; path = Images.xcassets; sourceTree = "<group>"; };
		3A288451196DBE15004D538B /* EarthquakesDemoTests.xctest */ = {isa = PBXFileReference; explicitFileType = wrapper.cfbundle; includeInIndex = 0; path = EarthquakesDemoTests.xctest; sourceTree = BUILT_PRODUCTS_DIR; };
		3A288456196DBE15004D538B /* Info.plist */ = {isa = PBXFileReference; lastKnownFileType = text.plist.xml; path = Info.plist; sourceTree = "<group>"; };
		3A288457196DBE15004D538B /* EarthquakesDemoTests.swift */ = {isa = PBXFileReference; lastKnownFileType = sourcecode.swift; path = EarthquakesDemoTests.swift; sourceTree = "<group>"; };
		3A288463196DC5F4004D538B /* EarthquakeTableViewCell.swift */ = {isa = PBXFileReference; fileEncoding = 4; lastKnownFileType = sourcecode.swift; path = EarthquakeTableViewCell.swift; sourceTree = "<group>"; };
		3AE49A8A196F3A820068FA9B /* Earthquake.swift */ = {isa = PBXFileReference; fileEncoding = 4; lastKnownFileType = sourcecode.swift; path = Earthquake.swift; sourceTree = "<group>"; };
		3AFBEA63196DF42C00C2DB87 /* EarthquakesDataFetcher.swift */ = {isa = PBXFileReference; fileEncoding = 4; lastKnownFileType = sourcecode.swift; path = EarthquakesDataFetcher.swift; sourceTree = "<group>"; };
/* End PBXFileReference section */

/* Begin PBXFrameworksBuildPhase section */
		3A288437196DBE14004D538B /* Frameworks */ = {
			isa = PBXFrameworksBuildPhase;
			buildActionMask = 2147483647;
			files = (
			);
			runOnlyForDeploymentPostprocessing = 0;
		};
		3A28844E196DBE15004D538B /* Frameworks */ = {
			isa = PBXFrameworksBuildPhase;
			buildActionMask = 2147483647;
			files = (
			);
			runOnlyForDeploymentPostprocessing = 0;
		};
/* End PBXFrameworksBuildPhase section */

/* Begin PBXGroup section */
		3A288431196DBE14004D538B = {
			isa = PBXGroup;
			children = (
				3A28843C196DBE15004D538B /* EarthquakesDemo */,
				3A288454196DBE15004D538B /* EarthquakesDemoTests */,
				3A28843B196DBE15004D538B /* Products */,
			);
			sourceTree = "<group>";
		};
		3A28843B196DBE15004D538B /* Products */ = {
			isa = PBXGroup;
			children = (
				3A28843A196DBE15004D538B /* EarthquakesDemo.app */,
				3A288451196DBE15004D538B /* EarthquakesDemoTests.xctest */,
			);
			name = Products;
			sourceTree = "<group>";
		};
		3A28843C196DBE15004D538B /* EarthquakesDemo */ = {
			isa = PBXGroup;
			children = (
				3A28843F196DBE15004D538B /* AppDelegate.swift */,
				3A288444196DBE15004D538B /* MasterViewController.swift */,
				3A288446196DBE15004D538B /* DetailViewController.swift */,
				3A288448196DBE15004D538B /* Main.storyboard */,
				3A28844B196DBE15004D538B /* Images.xcassets */,
				3A288441196DBE15004D538B /* EarthquakesDemo.xcdatamodeld */,
				3AE49A8A196F3A820068FA9B /* Earthquake.swift */,
				3A28843D196DBE15004D538B /* Supporting Files */,
				3A288463196DC5F4004D538B /* EarthquakeTableViewCell.swift */,
				3AFBEA63196DF42C00C2DB87 /* EarthquakesDataFetcher.swift */,
			);
			path = EarthquakesDemo;
			sourceTree = "<group>";
		};
		3A28843D196DBE15004D538B /* Supporting Files */ = {
			isa = PBXGroup;
			children = (
				3A28843E196DBE15004D538B /* Info.plist */,
			);
			name = "Supporting Files";
			sourceTree = "<group>";
		};
		3A288454196DBE15004D538B /* EarthquakesDemoTests */ = {
			isa = PBXGroup;
			children = (
				3A288457196DBE15004D538B /* EarthquakesDemoTests.swift */,
				3A288455196DBE15004D538B /* Supporting Files */,
			);
			path = EarthquakesDemoTests;
			sourceTree = "<group>";
		};
		3A288455196DBE15004D538B /* Supporting Files */ = {
			isa = PBXGroup;
			children = (
				3A288456196DBE15004D538B /* Info.plist */,
			);
			name = "Supporting Files";
			sourceTree = "<group>";
		};
/* End PBXGroup section */

/* Begin PBXNativeTarget section */
		3A288439196DBE14004D538B /* EarthquakesDemo */ = {
			isa = PBXNativeTarget;
			buildConfigurationList = 3A28845B196DBE15004D538B /* Build configuration list for PBXNativeTarget "EarthquakesDemo" */;
			buildPhases = (
				3A288436196DBE14004D538B /* Sources */,
				3A288437196DBE14004D538B /* Frameworks */,
				3A288438196DBE14004D538B /* Resources */,
			);
			buildRules = (
			);
			dependencies = (
			);
			name = EarthquakesDemo;
			productName = EarthquakesDemo;
			productReference = 3A28843A196DBE15004D538B /* EarthquakesDemo.app */;
			productType = "com.apple.product-type.application";
		};
		3A288450196DBE15004D538B /* EarthquakesDemoTests */ = {
			isa = PBXNativeTarget;
			buildConfigurationList = 3A28845E196DBE15004D538B /* Build configuration list for PBXNativeTarget "EarthquakesDemoTests" */;
			buildPhases = (
				3A28844D196DBE15004D538B /* Sources */,
				3A28844E196DBE15004D538B /* Frameworks */,
				3A28844F196DBE15004D538B /* Resources */,
			);
			buildRules = (
			);
			dependencies = (
				3A288453196DBE15004D538B /* PBXTargetDependency */,
			);
			name = EarthquakesDemoTests;
			productName = EarthquakesDemoTests;
			productReference = 3A288451196DBE15004D538B /* EarthquakesDemoTests.xctest */;
			productType = "com.apple.product-type.bundle.unit-test";
		};
/* End PBXNativeTarget section */

/* Begin PBXProject section */
		3A288432196DBE14004D538B /* Project object */ = {
			isa = PBXProject;
			attributes = {
				LastUpgradeCheck = 0600;
				ORGANIZATIONNAME = "Double Encore";
				TargetAttributes = {
					3A288439196DBE14004D538B = {
						CreatedOnToolsVersion = 6.0;
					};
					3A288450196DBE15004D538B = {
						CreatedOnToolsVersion = 6.0;
						TestTargetID = 3A288439196DBE14004D538B;
					};
				};
			};
			buildConfigurationList = 3A288435196DBE14004D538B /* Build configuration list for PBXProject "EarthquakesDemo" */;
			compatibilityVersion = "Xcode 3.2";
			developmentRegion = English;
			hasScannedForEncodings = 0;
			knownRegions = (
				en,
				Base,
			);
			mainGroup = 3A288431196DBE14004D538B;
			productRefGroup = 3A28843B196DBE15004D538B /* Products */;
			projectDirPath = "";
			projectRoot = "";
			targets = (
				3A288439196DBE14004D538B /* EarthquakesDemo */,
				3A288450196DBE15004D538B /* EarthquakesDemoTests */,
			);
		};
/* End PBXProject section */

/* Begin PBXResourcesBuildPhase section */
		3A288438196DBE14004D538B /* Resources */ = {
			isa = PBXResourcesBuildPhase;
			buildActionMask = 2147483647;
			files = (
				3A28844A196DBE15004D538B /* Main.storyboard in Resources */,
				3A28844C196DBE15004D538B /* Images.xcassets in Resources */,
			);
			runOnlyForDeploymentPostprocessing = 0;
		};
		3A28844F196DBE15004D538B /* Resources */ = {
			isa = PBXResourcesBuildPhase;
			buildActionMask = 2147483647;
			files = (
			);
			runOnlyForDeploymentPostprocessing = 0;
		};
/* End PBXResourcesBuildPhase section */

/* Begin PBXSourcesBuildPhase section */
		3A288436196DBE14004D538B /* Sources */ = {
			isa = PBXSourcesBuildPhase;
			buildActionMask = 2147483647;
			files = (
				3AE49A8B196F3A820068FA9B /* Earthquake.swift in Sources */,
				3A288440196DBE15004D538B /* AppDelegate.swift in Sources */,
				3A288464196DC5F4004D538B /* EarthquakeTableViewCell.swift in Sources */,
				3A288443196DBE15004D538B /* EarthquakesDemo.xcdatamodeld in Sources */,
				3AFBEA64196DF42C00C2DB87 /* EarthquakesDataFetcher.swift in Sources */,
				3A288445196DBE15004D538B /* MasterViewController.swift in Sources */,
				3A288447196DBE15004D538B /* DetailViewController.swift in Sources */,
			);
			runOnlyForDeploymentPostprocessing = 0;
		};
		3A28844D196DBE15004D538B /* Sources */ = {
			isa = PBXSourcesBuildPhase;
			buildActionMask = 2147483647;
			files = (
				3A288458196DBE15004D538B /* EarthquakesDemoTests.swift in Sources */,
			);
			runOnlyForDeploymentPostprocessing = 0;
		};
/* End PBXSourcesBuildPhase section */

/* Begin PBXTargetDependency section */
		3A288453196DBE15004D538B /* PBXTargetDependency */ = {
			isa = PBXTargetDependency;
			target = 3A288439196DBE14004D538B /* EarthquakesDemo */;
			targetProxy = 3A288452196DBE15004D538B /* PBXContainerItemProxy */;
		};
/* End PBXTargetDependency section */

/* Begin PBXVariantGroup section */
		3A288448196DBE15004D538B /* Main.storyboard */ = {
			isa = PBXVariantGroup;
			children = (
				3A288449196DBE15004D538B /* Base */,
			);
			name = Main.storyboard;
			sourceTree = "<group>";
		};
/* End PBXVariantGroup section */

/* Begin XCBuildConfiguration section */
		3A288459196DBE15004D538B /* Debug */ = {
			isa = XCBuildConfiguration;
			buildSettings = {
				ALWAYS_SEARCH_USER_PATHS = NO;
				CLANG_CXX_LANGUAGE_STANDARD = "gnu++0x";
				CLANG_CXX_LIBRARY = "libc++";
				CLANG_ENABLE_MODULES = YES;
				CLANG_ENABLE_OBJC_ARC = YES;
				CLANG_WARN_BOOL_CONVERSION = YES;
				CLANG_WARN_CONSTANT_CONVERSION = YES;
				CLANG_WARN_DIRECT_OBJC_ISA_USAGE = YES_ERROR;
				CLANG_WARN_EMPTY_BODY = YES;
				CLANG_WARN_ENUM_CONVERSION = YES;
				CLANG_WARN_INT_CONVERSION = YES;
				CLANG_WARN_OBJC_ROOT_CLASS = YES_ERROR;
				CLANG_WARN_UNREACHABLE_CODE = YES;
				CLANG_WARN__DUPLICATE_METHOD_MATCH = YES;
				"CODE_SIGN_IDENTITY[sdk=iphoneos*]" = "iPhone Developer";
				COPY_PHASE_STRIP = NO;
				ENABLE_STRICT_OBJC_MSGSEND = YES;
				GCC_C_LANGUAGE_STANDARD = gnu99;
				GCC_DYNAMIC_NO_PIC = NO;
				GCC_OPTIMIZATION_LEVEL = 0;
				GCC_PREPROCESSOR_DEFINITIONS = (
					"DEBUG=1",
					"$(inherited)",
				);
				GCC_SYMBOLS_PRIVATE_EXTERN = NO;
				GCC_WARN_64_TO_32_BIT_CONVERSION = YES;
				GCC_WARN_ABOUT_RETURN_TYPE = YES_ERROR;
				GCC_WARN_UNDECLARED_SELECTOR = YES;
				GCC_WARN_UNINITIALIZED_AUTOS = YES_AGGRESSIVE;
				GCC_WARN_UNUSED_FUNCTION = YES;
				GCC_WARN_UNUSED_VARIABLE = YES;
				IPHONEOS_DEPLOYMENT_TARGET = 8.0;
				MTL_ENABLE_DEBUG_INFO = YES;
				ONLY_ACTIVE_ARCH = YES;
				SDKROOT = iphoneos;
				SWIFT_OPTIMIZATION_LEVEL = "-Onone";
				TARGETED_DEVICE_FAMILY = 2;
			};
			name = Debug;
		};
		3A28845A196DBE15004D538B /* Release */ = {
			isa = XCBuildConfiguration;
			buildSettings = {
				ALWAYS_SEARCH_USER_PATHS = NO;
				CLANG_CXX_LANGUAGE_STANDARD = "gnu++0x";
				CLANG_CXX_LIBRARY = "libc++";
				CLANG_ENABLE_MODULES = YES;
				CLANG_ENABLE_OBJC_ARC = YES;
				CLANG_WARN_BOOL_CONVERSION = YES;
				CLANG_WARN_CONSTANT_CONVERSION = YES;
				CLANG_WARN_DIRECT_OBJC_ISA_USAGE = YES_ERROR;
				CLANG_WARN_EMPTY_BODY = YES;
				CLANG_WARN_ENUM_CONVERSION = YES;
				CLANG_WARN_INT_CONVERSION = YES;
				CLANG_WARN_OBJC_ROOT_CLASS = YES_ERROR;
				CLANG_WARN_UNREACHABLE_CODE = YES;
				CLANG_WARN__DUPLICATE_METHOD_MATCH = YES;
				"CODE_SIGN_IDENTITY[sdk=iphoneos*]" = "iPhone Developer";
				COPY_PHASE_STRIP = YES;
				ENABLE_NS_ASSERTIONS = NO;
				ENABLE_STRICT_OBJC_MSGSEND = YES;
				GCC_C_LANGUAGE_STANDARD = gnu99;
				GCC_WARN_64_TO_32_BIT_CONVERSION = YES;
				GCC_WARN_ABOUT_RETURN_TYPE = YES_ERROR;
				GCC_WARN_UNDECLARED_SELECTOR = YES;
				GCC_WARN_UNINITIALIZED_AUTOS = YES_AGGRESSIVE;
				GCC_WARN_UNUSED_FUNCTION = YES;
				GCC_WARN_UNUSED_VARIABLE = YES;
				IPHONEOS_DEPLOYMENT_TARGET = 8.0;
				MTL_ENABLE_DEBUG_INFO = NO;
				SDKROOT = iphoneos;
				TARGETED_DEVICE_FAMILY = 2;
				VALIDATE_PRODUCT = YES;
			};
			name = Release;
		};
		3A28845C196DBE15004D538B /* Debug */ = {
			isa = XCBuildConfiguration;
			buildSettings = {
				ASSETCATALOG_COMPILER_APPICON_NAME = AppIcon;
				ASSETCATALOG_COMPILER_LAUNCHIMAGE_NAME = LaunchImage;
				CLANG_ENABLE_MODULES = YES;
				INFOPLIST_FILE = EarthquakesDemo/Info.plist;
				LD_RUNPATH_SEARCH_PATHS = "$(inherited) @executable_path/Frameworks";
				PRODUCT_NAME = "$(TARGET_NAME)";
				SWIFT_OPTIMIZATION_LEVEL = "-Onone";
			};
			name = Debug;
		};
		3A28845D196DBE15004D538B /* Release */ = {
			isa = XCBuildConfiguration;
			buildSettings = {
				ASSETCATALOG_COMPILER_APPICON_NAME = AppIcon;
				ASSETCATALOG_COMPILER_LAUNCHIMAGE_NAME = LaunchImage;
				CLANG_ENABLE_MODULES = YES;
				INFOPLIST_FILE = EarthquakesDemo/Info.plist;
				LD_RUNPATH_SEARCH_PATHS = "$(inherited) @executable_path/Frameworks";
				PRODUCT_NAME = "$(TARGET_NAME)";
			};
			name = Release;
		};
		3A28845F196DBE15004D538B /* Debug */ = {
			isa = XCBuildConfiguration;
			buildSettings = {
				BUNDLE_LOADER = "$(BUILT_PRODUCTS_DIR)/EarthquakesDemo.app/EarthquakesDemo";
				FRAMEWORK_SEARCH_PATHS = (
					"$(SDKROOT)/Developer/Library/Frameworks",
					"$(inherited)",
				);
				GCC_PREPROCESSOR_DEFINITIONS = (
					"DEBUG=1",
					"$(inherited)",
				);
				INFOPLIST_FILE = EarthquakesDemoTests/Info.plist;
				LD_RUNPATH_SEARCH_PATHS = "$(inherited) @executable_path/Frameworks @loader_path/Frameworks";
				PRODUCT_NAME = "$(TARGET_NAME)";
				TEST_HOST = "$(BUNDLE_LOADER)";
			};
			name = Debug;
		};
		3A288460196DBE15004D538B /* Release */ = {
			isa = XCBuildConfiguration;
			buildSettings = {
				BUNDLE_LOADER = "$(BUILT_PRODUCTS_DIR)/EarthquakesDemo.app/EarthquakesDemo";
				FRAMEWORK_SEARCH_PATHS = (
					"$(SDKROOT)/Developer/Library/Frameworks",
					"$(inherited)",
				);
				INFOPLIST_FILE = EarthquakesDemoTests/Info.plist;
				LD_RUNPATH_SEARCH_PATHS = "$(inherited) @executable_path/Frameworks @loader_path/Frameworks";
				PRODUCT_NAME = "$(TARGET_NAME)";
				TEST_HOST = "$(BUNDLE_LOADER)";
			};
			name = Release;
		};
/* End XCBuildConfiguration section */

/* Begin XCConfigurationList section */
		3A288435196DBE14004D538B /* Build configuration list for PBXProject "EarthquakesDemo" */ = {
			isa = XCConfigurationList;
			buildConfigurations = (
				3A288459196DBE15004D538B /* Debug */,
				3A28845A196DBE15004D538B /* Release */,
			);
			defaultConfigurationIsVisible = 0;
			defaultConfigurationName = Release;
		};
		3A28845B196DBE15004D538B /* Build configuration list for PBXNativeTarget "EarthquakesDemo" */ = {
			isa = XCConfigurationList;
			buildConfigurations = (
				3A28845C196DBE15004D538B /* Debug */,
				3A28845D196DBE15004D538B /* Release */,
			);
			defaultConfigurationIsVisible = 0;
			defaultConfigurationName = Release;
		};
		3A28845E196DBE15004D538B /* Build configuration list for PBXNativeTarget "EarthquakesDemoTests" */ = {
			isa = XCConfigurationList;
			buildConfigurations = (
				3A28845F196DBE15004D538B /* Debug */,
				3A288460196DBE15004D538B /* Release */,
			);
			defaultConfigurationIsVisible = 0;
			defaultConfigurationName = Release;
		};
/* End XCConfigurationList section */

/* Begin XCVersionGroup section */
		3A288441196DBE15004D538B /* EarthquakesDemo.xcdatamodeld */ = {
			isa = XCVersionGroup;
			children = (
				3A288442196DBE15004D538B /* EarthquakesDemo.xcdatamodel */,
			);
			currentVersion = 3A288442196DBE15004D538B /* EarthquakesDemo.xcdatamodel */;
			path = EarthquakesDemo.xcdatamodeld;
			sourceTree = "<group>";
			versionGroupType = wrapper.xcdatamodel;
		};
/* End XCVersionGroup section */
	};
	rootObject = 3A288432196DBE14004D538B /* Project object */;
}
